PODS:
  - ProgressHUD (13.4)
  - RxCocoa (5.1.1):
    - RxRelay (~> 5)
    - RxSwift (~> 5)
  - RxGesture (3.0.2):
    - RxCocoa (~> 5.1)
    - RxSwift (~> 5.1)
  - RxRelay (5.1.1):
    - RxSwift (~> 5)
  - RxSwift (5.1.2)
  - SkyFloatingLabelTextField (3.8.0)

DEPENDENCIES:
  - ProgressHUD (~> 13.4)
  - RxCocoa (~> 5)
  - RxGesture (~> 3.0.2)
  - RxSwift (~> 5)
  - SkyFloatingLabelTextField (~> 3.0)

SPEC REPOS:
  trunk:
    - ProgressHUD
    - RxCocoa
    - RxGesture
    - RxRelay
    - RxSwift
    - SkyFloatingLabelTextField

SPEC CHECKSUMS:
  ProgressHUD: 137a7fc677487c5581668f4490563124fb35c232
  RxCocoa: 32065309a38d29b5b0db858819b5bf9ef038b601
  RxGesture: d6bd7447ca3a596c7a9702a6a2b6a2bb5d8bae54
  RxRelay: d77f7d771495f43c556cbc43eebd1bb54d01e8e9
  RxSwift: 1e2e1f9570186967f617e49128ed26ccf1bafc8e
  SkyFloatingLabelTextField: 5a338412114808e961fe2d14ea2c5452c8b6e4aa

PODFILE CHECKSUM: e0b46bc2dd2254f96f889e014bdd195ec664a1ff

COCOAPODS: 1.10.1
